
Microsoft Visual Studio Solution File, Format Version 12.00
# Visual Studio Version 16
VisualStudioVersion = 16.0.29613.14
MinimumVisualStudioVersion = 10.0.40219.1
Project("{9A19103F-16F7-4668-BE54-9A1E7A4F7556}") = "BestMove", "hc\BestMove.csproj", "{96229EF7-BCBC-4113-9304-87584CCA5E91}"
EndProject
Project("{FAE04EC0-301F-11D3-BF4B-00C04F79EFBC}") = "hcclient", "hcclient\hcclient.csproj", "{0385F592-4418-41B6-916E-C363E498421F}"
EndProject
Project("{FAE04EC0-301F-11D3-BF4B-00C04F79EFBC}") = "hcsvr", "hcsvr\hcsvr.csproj", "{585EF78A-0FB3-48C6-8B1D-8EAD8AD50563}"
EndProject
Global
	GlobalSection(SolutionConfigurationPlatforms) = preSolution
		Debug|Any CPU = Debug|Any CPU
		Release|Any CPU = Release|Any CPU
	EndGlobalSection
	GlobalSection(ProjectConfigurationPlatforms) = postSolution
		{96229EF7-BCBC-4113-9304-87584CCA5E91}.Debug|Any CPU.ActiveCfg = Debug|Any CPU
		{96229EF7-BCBC-4113-9304-87584CCA5E91}.Debug|Any CPU.Build.0 = Debug|Any CPU
		{96229EF7-BCBC-4113-9304-87584CCA5E91}.Release|Any CPU.ActiveCfg = Release|Any CPU
		{96229EF7-BCBC-4113-9304-87584CCA5E91}.Release|Any CPU.Build.0 = Release|Any CPU
		{0385F592-4418-41B6-916E-C363E498421F}.Debug|Any CPU.ActiveCfg = Debug|Any CPU
		{0385F592-4418-41B6-916E-C363E498421F}.Debug|Any CPU.Build.0 = Debug|Any CPU
		{0385F592-4418-41B6-916E-C363E498421F}.Release|Any CPU.ActiveCfg = Release|Any CPU
		{0385F592-4418-41B6-916E-C363E498421F}.Release|Any CPU.Build.0 = Release|Any CPU
		{585EF78A-0FB3-48C6-8B1D-8EAD8AD50563}.Debug|Any CPU.ActiveCfg = Debug|Any CPU
		{585EF78A-0FB3-48C6-8B1D-8EAD8AD50563}.Debug|Any CPU.Build.0 = Debug|Any CPU
		{585EF78A-0FB3-48C6-8B1D-8EAD8AD50563}.Release|Any CPU.ActiveCfg = Release|Any CPU
		{585EF78A-0FB3-48C6-8B1D-8EAD8AD50563}.Release|Any CPU.Build.0 = Release|Any CPU
	EndGlobalSection
	GlobalSection(SolutionProperties) = preSolution
		HideSolutionNode = FALSE
	EndGlobalSection
	GlobalSection(ExtensibilityGlobals) = postSolution
		SolutionGuid = {037A7319-4C67-42C4-AB5A-93E7C3E69B91}
	EndGlobalSection
EndGlobal
